
# @generated by Move, please check-in and do not edit manually.

[move]
version = 3
manifest_digest = "030F9FE3154D3E53A12B46DEE0857D4A6AC053638E693549C2B93E7653AAA4F3"
deps_digest = "F8BBB0CCB2491CA29A3DF03D6F92277A4F3574266507ACD77214D37ECA3F3082"
dependencies = [
  { id = "Sui", name = "Sui" },
]

[[move.package]]
id = "MoveStdlib"
source = { git = "https://github.com/MystenLabs/sui.git", rev = "framework/testnet", subdir = "crates/sui-framework/packages/move-stdlib" }

[[move.package]]
id = "Sui"
source = { git = "https://github.com/MystenLabs/sui.git", rev = "framework/testnet", subdir = "crates/sui-framework/packages/sui-framework" }

dependencies = [
  { id = "MoveStdlib", name = "MoveStdlib" },
]

[move.toolchain-version]
compiler-version = "1.47.0"
edition = "2024.beta"
flavor = "sui"

[env]

[env.testnet]
chain-id = "4c78adac"
original-published-id = "0x95cc531972e76e9b920097267c5c66fc2b5c87fe643d884070f8d21bf0634bf3"
latest-published-id = "0x95cc531972e76e9b920097267c5c66fc2b5c87fe643d884070f8d21bf0634bf3"
published-version = "1"
